
Microsoft Visual Studio Solution File, Format Version 12.00
# Visual Studio 15
VisualStudioVersion = 15.0.27428.2015
MinimumVisualStudioVersion = 10.0.40219.1
Project("{FAE04EC0-301F-11D3-BF4B-00C04F79EFBC}") = "SPA", "SPA\SPA.csproj", "{B3DF497D-6286-4219-8DD7-E234F4F3882A}"
EndProject
Global
	GlobalSection(SolutionConfigurationPlatforms) = preSolution
		Debug|Any CPU = Debug|Any CPU
		Release|Any CPU = Release|Any CPU
	EndGlobalSection
	GlobalSection(ProjectConfigurationPlatforms) = postSolution
		{B3DF497D-6286-4219-8DD7-E234F4F3882A}.Debug|Any CPU.ActiveCfg = Debug|Any CPU
		{B3DF497D-6286-4219-8DD7-E234F4F3882A}.Debug|Any CPU.Build.0 = Debug|Any CPU
		{B3DF497D-6286-4219-8DD7-E234F4F3882A}.Release|Any CPU.ActiveCfg = Release|Any CPU
		{B3DF497D-6286-4219-8DD7-E234F4F3882A}.Release|Any CPU.Build.0 = Release|Any CPU
	EndGlobalSection
	GlobalSection(SolutionProperties) = preSolution
		HideSolutionNode = FALSE
	EndGlobalSection
	GlobalSection(ExtensibilityGlobals) = postSolution
		SolutionGuid = {86AA941B-4467-4FFF-ACE7-E5F47E6B7A7A}
	EndGlobalSection
EndGlobal
